
Microsoft Visual Studio Solution File, Format Version 12.00
Project("{FAE04EC0-301F-11D3-BF4B-00C04F79EFBC}") = "AaDS", "AaDS\AaDS.csproj", "{94284131-07B0-4053-99DF-246271B8632B}"
EndProject
Project("{FAE04EC0-301F-11D3-BF4B-00C04F79EFBC}") = "algorithms", "algorithms\algorithms.csproj", "{4F41485F-ED80-4845-BA5C-08E6503ACEC9}"
EndProject
Project("{FAE04EC0-301F-11D3-BF4B-00C04F79EFBC}") = "semesterWork1", "semesterWork1\semesterWork1.csproj", "{0A2FEDB7-4863-445F-BC11-AC0D82EBECBE}"
EndProject
Global
	GlobalSection(SolutionConfigurationPlatforms) = preSolution
		Debug|Any CPU = Debug|Any CPU
		Release|Any CPU = Release|Any CPU
	EndGlobalSection
	GlobalSection(ProjectConfigurationPlatforms) = postSolution
		{94284131-07B0-4053-99DF-246271B8632B}.Debug|Any CPU.ActiveCfg = Debug|Any CPU
		{94284131-07B0-4053-99DF-246271B8632B}.Debug|Any CPU.Build.0 = Debug|Any CPU
		{94284131-07B0-4053-99DF-246271B8632B}.Release|Any CPU.ActiveCfg = Release|Any CPU
		{94284131-07B0-4053-99DF-246271B8632B}.Release|Any CPU.Build.0 = Release|Any CPU
		{4F41485F-ED80-4845-BA5C-08E6503ACEC9}.Debug|Any CPU.ActiveCfg = Debug|Any CPU
		{4F41485F-ED80-4845-BA5C-08E6503ACEC9}.Debug|Any CPU.Build.0 = Debug|Any CPU
		{4F41485F-ED80-4845-BA5C-08E6503ACEC9}.Release|Any CPU.ActiveCfg = Release|Any CPU
		{4F41485F-ED80-4845-BA5C-08E6503ACEC9}.Release|Any CPU.Build.0 = Release|Any CPU
		{0A2FEDB7-4863-445F-BC11-AC0D82EBECBE}.Debug|Any CPU.ActiveCfg = Debug|Any CPU
		{0A2FEDB7-4863-445F-BC11-AC0D82EBECBE}.Debug|Any CPU.Build.0 = Debug|Any CPU
		{0A2FEDB7-4863-445F-BC11-AC0D82EBECBE}.Release|Any CPU.ActiveCfg = Release|Any CPU
		{0A2FEDB7-4863-445F-BC11-AC0D82EBECBE}.Release|Any CPU.Build.0 = Release|Any CPU
	EndGlobalSection
EndGlobal
